
Microsoft Visual Studio Solution File, Format Version 11.00
# Visual Studio 2010
Project("{FAE04EC0-301F-11D3-BF4B-00C04F79EFBC}") = "Crystalbyte.Chocolate", "Crystalbyte.Chocolate\Crystalbyte.Chocolate.csproj", "{DC202E77-073A-4881-84C9-94B6BC7469B4}"
EndProject
Project("{FAE04EC0-301F-11D3-BF4B-00C04F79EFBC}") = "Crystalbyte.Chocolate.Bindings", "Crystalbyte.Chocolate.Bindings\Crystalbyte.Chocolate.Bindings.csproj", "{8CCC057C-FA77-4F49-BACD-5F6EBAB13C14}"
EndProject
Project("{FAE04EC0-301F-11D3-BF4B-00C04F79EFBC}") = "Crystalbyte.Chocolate.Application.Windows", "Crystalbyte.Chocolate.Application.Windows\Crystalbyte.Chocolate.Application.Windows.csproj", "{599A14FB-3067-4AC5-8A99-751CCC4FE8BB}"
EndProject
Global
	GlobalSection(SolutionConfigurationPlatforms) = preSolution
		Debug|Any CPU = Debug|Any CPU
		Debug|Mixed Platforms = Debug|Mixed Platforms
		Debug|x86 = Debug|x86
		Release|Any CPU = Release|Any CPU
		Release|Mixed Platforms = Release|Mixed Platforms
		Release|x86 = Release|x86
	EndGlobalSection
	GlobalSection(ProjectConfigurationPlatforms) = postSolution
		{DC202E77-073A-4881-84C9-94B6BC7469B4}.Debug|Any CPU.ActiveCfg = Debug|Any CPU
		{DC202E77-073A-4881-84C9-94B6BC7469B4}.Debug|Any CPU.Build.0 = Debug|Any CPU
		{DC202E77-073A-4881-84C9-94B6BC7469B4}.Debug|Mixed Platforms.ActiveCfg = Debug|Any CPU
		{DC202E77-073A-4881-84C9-94B6BC7469B4}.Debug|Mixed Platforms.Build.0 = Debug|Any CPU
		{DC202E77-073A-4881-84C9-94B6BC7469B4}.Debug|x86.ActiveCfg = Debug|Any CPU
		{DC202E77-073A-4881-84C9-94B6BC7469B4}.Release|Any CPU.ActiveCfg = Release|Any CPU
		{DC202E77-073A-4881-84C9-94B6BC7469B4}.Release|Any CPU.Build.0 = Release|Any CPU
		{DC202E77-073A-4881-84C9-94B6BC7469B4}.Release|Mixed Platforms.ActiveCfg = Release|Any CPU
		{DC202E77-073A-4881-84C9-94B6BC7469B4}.Release|Mixed Platforms.Build.0 = Release|Any CPU
		{DC202E77-073A-4881-84C9-94B6BC7469B4}.Release|x86.ActiveCfg = Release|Any CPU
		{8CCC057C-FA77-4F49-BACD-5F6EBAB13C14}.Debug|Any CPU.ActiveCfg = Debug|Any CPU
		{8CCC057C-FA77-4F49-BACD-5F6EBAB13C14}.Debug|Any CPU.Build.0 = Debug|Any CPU
		{8CCC057C-FA77-4F49-BACD-5F6EBAB13C14}.Debug|Mixed Platforms.ActiveCfg = Debug|Any CPU
		{8CCC057C-FA77-4F49-BACD-5F6EBAB13C14}.Debug|Mixed Platforms.Build.0 = Debug|Any CPU
		{8CCC057C-FA77-4F49-BACD-5F6EBAB13C14}.Debug|x86.ActiveCfg = Debug|Any CPU
		{8CCC057C-FA77-4F49-BACD-5F6EBAB13C14}.Release|Any CPU.ActiveCfg = Release|Any CPU
		{8CCC057C-FA77-4F49-BACD-5F6EBAB13C14}.Release|Any CPU.Build.0 = Release|Any CPU
		{8CCC057C-FA77-4F49-BACD-5F6EBAB13C14}.Release|Mixed Platforms.ActiveCfg = Release|Any CPU
		{8CCC057C-FA77-4F49-BACD-5F6EBAB13C14}.Release|Mixed Platforms.Build.0 = Release|Any CPU
		{8CCC057C-FA77-4F49-BACD-5F6EBAB13C14}.Release|x86.ActiveCfg = Release|Any CPU
		{599A14FB-3067-4AC5-8A99-751CCC4FE8BB}.Debug|Any CPU.ActiveCfg = Debug|x86
		{599A14FB-3067-4AC5-8A99-751CCC4FE8BB}.Debug|Mixed Platforms.ActiveCfg = Debug|x86
		{599A14FB-3067-4AC5-8A99-751CCC4FE8BB}.Debug|Mixed Platforms.Build.0 = Debug|x86
		{599A14FB-3067-4AC5-8A99-751CCC4FE8BB}.Debug|x86.ActiveCfg = Debug|x86
		{599A14FB-3067-4AC5-8A99-751CCC4FE8BB}.Debug|x86.Build.0 = Debug|x86
		{599A14FB-3067-4AC5-8A99-751CCC4FE8BB}.Release|Any CPU.ActiveCfg = Release|x86
		{599A14FB-3067-4AC5-8A99-751CCC4FE8BB}.Release|Mixed Platforms.ActiveCfg = Release|x86
		{599A14FB-3067-4AC5-8A99-751CCC4FE8BB}.Release|Mixed Platforms.Build.0 = Release|x86
		{599A14FB-3067-4AC5-8A99-751CCC4FE8BB}.Release|x86.ActiveCfg = Release|x86
		{599A14FB-3067-4AC5-8A99-751CCC4FE8BB}.Release|x86.Build.0 = Release|x86
	EndGlobalSection
	GlobalSection(SolutionProperties) = preSolution
		HideSolutionNode = FALSE
	EndGlobalSection
EndGlobal
