
Microsoft Visual Studio Solution File, Format Version 12.00
# Visual Studio 2012
Project("{FAE04EC0-301F-11D3-BF4B-00C04F79EFBC}") = "Crystalbyte.Spectre.Samples.Commands", "Crystalbyte.Spectre.Samples.Extensions\Crystalbyte.Spectre.Samples.Commands.csproj", "{A139C4DB-F916-4C55-9DCC-6120301B897C}"
EndProject
Project("{2150E333-8FDC-42A3-9474-1A3956D46DE8}") = "(spectre)", "(spectre)", "{7C8FE5E1-03DE-48EE-94DE-E47048925824}"
EndProject
Project("{2150E333-8FDC-42A3-9474-1A3956D46DE8}") = "(samples)", "(samples)", "{0F0138AB-9695-4BF7-9C9D-F23115AE5AD0}"
EndProject
Project("{FAE04EC0-301F-11D3-BF4B-00C04F79EFBC}") = "Crystalbyte.Spectre.Framework", "..\src\Crystalbyte.Spectre\Crystalbyte.Spectre.Framework.csproj", "{DC202E77-073A-4881-84C9-94B6BC7469B4}"
EndProject
Project("{FAE04EC0-301F-11D3-BF4B-00C04F79EFBC}") = "Crystalbyte.Spectre.Projections", "..\src\Crystalbyte.Spectre.Projections\Crystalbyte.Spectre.Projections.csproj", "{8CCC057C-FA77-4F49-BACD-5F6EBAB13C14}"
EndProject
Global
	GlobalSection(SolutionConfigurationPlatforms) = preSolution
		Debug|Any CPU = Debug|Any CPU
		Release|Any CPU = Release|Any CPU
	EndGlobalSection
	GlobalSection(ProjectConfigurationPlatforms) = postSolution
		{A139C4DB-F916-4C55-9DCC-6120301B897C}.Debug|Any CPU.ActiveCfg = Debug|Any CPU
		{A139C4DB-F916-4C55-9DCC-6120301B897C}.Debug|Any CPU.Build.0 = Debug|Any CPU
		{A139C4DB-F916-4C55-9DCC-6120301B897C}.Release|Any CPU.ActiveCfg = Release|Any CPU
		{A139C4DB-F916-4C55-9DCC-6120301B897C}.Release|Any CPU.Build.0 = Release|Any CPU
		{DC202E77-073A-4881-84C9-94B6BC7469B4}.Debug|Any CPU.ActiveCfg = Debug|Any CPU
		{DC202E77-073A-4881-84C9-94B6BC7469B4}.Debug|Any CPU.Build.0 = Debug|Any CPU
		{DC202E77-073A-4881-84C9-94B6BC7469B4}.Release|Any CPU.ActiveCfg = Release|Any CPU
		{DC202E77-073A-4881-84C9-94B6BC7469B4}.Release|Any CPU.Build.0 = Release|Any CPU
		{8CCC057C-FA77-4F49-BACD-5F6EBAB13C14}.Debug|Any CPU.ActiveCfg = Debug|Any CPU
		{8CCC057C-FA77-4F49-BACD-5F6EBAB13C14}.Debug|Any CPU.Build.0 = Debug|Any CPU
		{8CCC057C-FA77-4F49-BACD-5F6EBAB13C14}.Release|Any CPU.ActiveCfg = Release|Any CPU
		{8CCC057C-FA77-4F49-BACD-5F6EBAB13C14}.Release|Any CPU.Build.0 = Release|Any CPU
	EndGlobalSection
	GlobalSection(SolutionProperties) = preSolution
		HideSolutionNode = FALSE
	EndGlobalSection
	GlobalSection(NestedProjects) = preSolution
		{DC202E77-073A-4881-84C9-94B6BC7469B4} = {7C8FE5E1-03DE-48EE-94DE-E47048925824}
		{8CCC057C-FA77-4F49-BACD-5F6EBAB13C14} = {7C8FE5E1-03DE-48EE-94DE-E47048925824}
		{A139C4DB-F916-4C55-9DCC-6120301B897C} = {0F0138AB-9695-4BF7-9C9D-F23115AE5AD0}
	EndGlobalSection
EndGlobal
