
Microsoft Visual Studio Solution File, Format Version 12.00
# Visual Studio 2012
Project("{FAE04EC0-301F-11D3-BF4B-00C04F79EFBC}") = "Crystalbyte.Spectre.Generator", "Crystalbyte.Spectre.Generator\Crystalbyte.Spectre.Generator.csproj", "{02034A86-60A8-4AD6-A291-EA1B2D3FC743}"
EndProject
Global
	GlobalSection(SolutionConfigurationPlatforms) = preSolution
		Debug|Any CPU = Debug|Any CPU
		Release|Any CPU = Release|Any CPU
	EndGlobalSection
	GlobalSection(ProjectConfigurationPlatforms) = postSolution
		{02034A86-60A8-4AD6-A291-EA1B2D3FC743}.Debug|Any CPU.ActiveCfg = Debug|Any CPU
		{02034A86-60A8-4AD6-A291-EA1B2D3FC743}.Debug|Any CPU.Build.0 = Debug|Any CPU
		{02034A86-60A8-4AD6-A291-EA1B2D3FC743}.Release|Any CPU.ActiveCfg = Release|Any CPU
		{02034A86-60A8-4AD6-A291-EA1B2D3FC743}.Release|Any CPU.Build.0 = Release|Any CPU
	EndGlobalSection
	GlobalSection(SolutionProperties) = preSolution
		HideSolutionNode = FALSE
	EndGlobalSection
EndGlobal
