
Microsoft Visual Studio Solution File, Format Version 12.00
# Visual Studio 2012
Project("{FAE04EC0-301F-11D3-BF4B-00C04F79EFBC}") = "Crystalbyte.Chocolate.Bindings", "Crystalbyte.Chocolate.Bindings\Crystalbyte.Chocolate.Bindings.csproj", "{8CCC057C-FA77-4F49-BACD-5F6EBAB13C14}"
EndProject
Project("{FAE04EC0-301F-11D3-BF4B-00C04F79EFBC}") = "Crystalbyte.Chocolate.Demo.Windows", "Crystalbyte.Chocolate.Demo.Windows\Crystalbyte.Chocolate.Demo.Windows.csproj", "{599A14FB-3067-4AC5-8A99-751CCC4FE8BB}"
EndProject
Project("{FAE04EC0-301F-11D3-BF4B-00C04F79EFBC}") = "Crystalbyte.Chocolate", "Crystalbyte.Chocolate\Crystalbyte.Chocolate.csproj", "{DC202E77-073A-4881-84C9-94B6BC7469B4}"
EndProject
Project("{2150E333-8FDC-42A3-9474-1A3956D46DE8}") = "(chocolate)", "(chocolate)", "{6A1A7CD3-7675-4A46-B598-A4FD457E3112}"
EndProject
Project("{2150E333-8FDC-42A3-9474-1A3956D46DE8}") = "(startup)", "(startup)", "{65F12355-89EA-4F63-8257-1DCCAE079AD8}"
EndProject
Project("{FAE04EC0-301F-11D3-BF4B-00C04F79EFBC}") = "System.Web.Razor", "AspNet.WebStack\src\System.Web.Razor\System.Web.Razor.csproj", "{8F18041B-9410-4C36-A9C5-067813DF5F31}"
EndProject
Project("{2150E333-8FDC-42A3-9474-1A3956D46DE8}") = "(aspwebstack)", "(aspwebstack)", "{737CFCB8-C2B9-4438-A1C0-3F733C9F70D4}"
EndProject
Global
	GlobalSection(SolutionConfigurationPlatforms) = preSolution
		CodeCoverage|Any CPU = CodeCoverage|Any CPU
		CodeCoverage|Mixed Platforms = CodeCoverage|Mixed Platforms
		CodeCoverage|x86 = CodeCoverage|x86
		Debug|Any CPU = Debug|Any CPU
		Debug|Mixed Platforms = Debug|Mixed Platforms
		Debug|x86 = Debug|x86
		Release|Any CPU = Release|Any CPU
		Release|Mixed Platforms = Release|Mixed Platforms
		Release|x86 = Release|x86
	EndGlobalSection
	GlobalSection(ProjectConfigurationPlatforms) = postSolution
		{599A14FB-3067-4AC5-8A99-751CCC4FE8BB}.CodeCoverage|Any CPU.ActiveCfg = Release|x86
		{599A14FB-3067-4AC5-8A99-751CCC4FE8BB}.CodeCoverage|Mixed Platforms.ActiveCfg = Release|x86
		{599A14FB-3067-4AC5-8A99-751CCC4FE8BB}.CodeCoverage|Mixed Platforms.Build.0 = Release|x86
		{599A14FB-3067-4AC5-8A99-751CCC4FE8BB}.CodeCoverage|x86.ActiveCfg = Release|x86
		{599A14FB-3067-4AC5-8A99-751CCC4FE8BB}.CodeCoverage|x86.Build.0 = Release|x86
		{599A14FB-3067-4AC5-8A99-751CCC4FE8BB}.Debug|Any CPU.ActiveCfg = Debug|x86
		{599A14FB-3067-4AC5-8A99-751CCC4FE8BB}.Debug|Mixed Platforms.ActiveCfg = Debug|x86
		{599A14FB-3067-4AC5-8A99-751CCC4FE8BB}.Debug|Mixed Platforms.Build.0 = Debug|x86
		{599A14FB-3067-4AC5-8A99-751CCC4FE8BB}.Debug|x86.ActiveCfg = Debug|x86
		{599A14FB-3067-4AC5-8A99-751CCC4FE8BB}.Debug|x86.Build.0 = Debug|x86
		{599A14FB-3067-4AC5-8A99-751CCC4FE8BB}.Release|Any CPU.ActiveCfg = Release|x86
		{599A14FB-3067-4AC5-8A99-751CCC4FE8BB}.Release|Mixed Platforms.ActiveCfg = Release|x86
		{599A14FB-3067-4AC5-8A99-751CCC4FE8BB}.Release|Mixed Platforms.Build.0 = Release|x86
		{599A14FB-3067-4AC5-8A99-751CCC4FE8BB}.Release|x86.ActiveCfg = Release|x86
		{599A14FB-3067-4AC5-8A99-751CCC4FE8BB}.Release|x86.Build.0 = Release|x86
		{8CCC057C-FA77-4F49-BACD-5F6EBAB13C14}.CodeCoverage|Any CPU.ActiveCfg = Release|Any CPU
		{8CCC057C-FA77-4F49-BACD-5F6EBAB13C14}.CodeCoverage|Any CPU.Build.0 = Release|Any CPU
		{8CCC057C-FA77-4F49-BACD-5F6EBAB13C14}.CodeCoverage|Mixed Platforms.ActiveCfg = Release|Any CPU
		{8CCC057C-FA77-4F49-BACD-5F6EBAB13C14}.CodeCoverage|Mixed Platforms.Build.0 = Release|Any CPU
		{8CCC057C-FA77-4F49-BACD-5F6EBAB13C14}.CodeCoverage|x86.ActiveCfg = Release|Any CPU
		{8CCC057C-FA77-4F49-BACD-5F6EBAB13C14}.Debug|Any CPU.ActiveCfg = Debug|Any CPU
		{8CCC057C-FA77-4F49-BACD-5F6EBAB13C14}.Debug|Any CPU.Build.0 = Debug|Any CPU
		{8CCC057C-FA77-4F49-BACD-5F6EBAB13C14}.Debug|Mixed Platforms.ActiveCfg = Debug|Any CPU
		{8CCC057C-FA77-4F49-BACD-5F6EBAB13C14}.Debug|Mixed Platforms.Build.0 = Debug|Any CPU
		{8CCC057C-FA77-4F49-BACD-5F6EBAB13C14}.Debug|x86.ActiveCfg = Debug|Any CPU
		{8CCC057C-FA77-4F49-BACD-5F6EBAB13C14}.Release|Any CPU.ActiveCfg = Release|Any CPU
		{8CCC057C-FA77-4F49-BACD-5F6EBAB13C14}.Release|Any CPU.Build.0 = Release|Any CPU
		{8CCC057C-FA77-4F49-BACD-5F6EBAB13C14}.Release|Mixed Platforms.ActiveCfg = Release|Any CPU
		{8CCC057C-FA77-4F49-BACD-5F6EBAB13C14}.Release|Mixed Platforms.Build.0 = Release|Any CPU
		{8CCC057C-FA77-4F49-BACD-5F6EBAB13C14}.Release|x86.ActiveCfg = Release|Any CPU
		{8F18041B-9410-4C36-A9C5-067813DF5F31}.CodeCoverage|Any CPU.ActiveCfg = CodeCoverage|Any CPU
		{8F18041B-9410-4C36-A9C5-067813DF5F31}.CodeCoverage|Any CPU.Build.0 = CodeCoverage|Any CPU
		{8F18041B-9410-4C36-A9C5-067813DF5F31}.CodeCoverage|Mixed Platforms.ActiveCfg = CodeCoverage|Any CPU
		{8F18041B-9410-4C36-A9C5-067813DF5F31}.CodeCoverage|Mixed Platforms.Build.0 = CodeCoverage|Any CPU
		{8F18041B-9410-4C36-A9C5-067813DF5F31}.CodeCoverage|x86.ActiveCfg = CodeCoverage|Any CPU
		{8F18041B-9410-4C36-A9C5-067813DF5F31}.Debug|Any CPU.ActiveCfg = Debug|Any CPU
		{8F18041B-9410-4C36-A9C5-067813DF5F31}.Debug|Any CPU.Build.0 = Debug|Any CPU
		{8F18041B-9410-4C36-A9C5-067813DF5F31}.Debug|Mixed Platforms.ActiveCfg = Debug|Any CPU
		{8F18041B-9410-4C36-A9C5-067813DF5F31}.Debug|Mixed Platforms.Build.0 = Debug|Any CPU
		{8F18041B-9410-4C36-A9C5-067813DF5F31}.Debug|x86.ActiveCfg = Debug|Any CPU
		{8F18041B-9410-4C36-A9C5-067813DF5F31}.Release|Any CPU.ActiveCfg = Release|Any CPU
		{8F18041B-9410-4C36-A9C5-067813DF5F31}.Release|Any CPU.Build.0 = Release|Any CPU
		{8F18041B-9410-4C36-A9C5-067813DF5F31}.Release|Mixed Platforms.ActiveCfg = Release|Any CPU
		{8F18041B-9410-4C36-A9C5-067813DF5F31}.Release|Mixed Platforms.Build.0 = Release|Any CPU
		{8F18041B-9410-4C36-A9C5-067813DF5F31}.Release|x86.ActiveCfg = Release|Any CPU
		{DC202E77-073A-4881-84C9-94B6BC7469B4}.CodeCoverage|Any CPU.ActiveCfg = Release|Any CPU
		{DC202E77-073A-4881-84C9-94B6BC7469B4}.CodeCoverage|Any CPU.Build.0 = Release|Any CPU
		{DC202E77-073A-4881-84C9-94B6BC7469B4}.CodeCoverage|Mixed Platforms.ActiveCfg = Release|Any CPU
		{DC202E77-073A-4881-84C9-94B6BC7469B4}.CodeCoverage|Mixed Platforms.Build.0 = Release|Any CPU
		{DC202E77-073A-4881-84C9-94B6BC7469B4}.CodeCoverage|x86.ActiveCfg = Release|Any CPU
		{DC202E77-073A-4881-84C9-94B6BC7469B4}.Debug|Any CPU.ActiveCfg = Debug|Any CPU
		{DC202E77-073A-4881-84C9-94B6BC7469B4}.Debug|Any CPU.Build.0 = Debug|Any CPU
		{DC202E77-073A-4881-84C9-94B6BC7469B4}.Debug|Mixed Platforms.ActiveCfg = Debug|Any CPU
		{DC202E77-073A-4881-84C9-94B6BC7469B4}.Debug|Mixed Platforms.Build.0 = Debug|Any CPU
		{DC202E77-073A-4881-84C9-94B6BC7469B4}.Debug|x86.ActiveCfg = Debug|Any CPU
		{DC202E77-073A-4881-84C9-94B6BC7469B4}.Release|Any CPU.ActiveCfg = Release|Any CPU
		{DC202E77-073A-4881-84C9-94B6BC7469B4}.Release|Any CPU.Build.0 = Release|Any CPU
		{DC202E77-073A-4881-84C9-94B6BC7469B4}.Release|Mixed Platforms.ActiveCfg = Release|Any CPU
		{DC202E77-073A-4881-84C9-94B6BC7469B4}.Release|Mixed Platforms.Build.0 = Release|Any CPU
		{DC202E77-073A-4881-84C9-94B6BC7469B4}.Release|x86.ActiveCfg = Release|Any CPU
	EndGlobalSection
	GlobalSection(SolutionProperties) = preSolution
		HideSolutionNode = FALSE
	EndGlobalSection
	GlobalSection(NestedProjects) = preSolution
		{599A14FB-3067-4AC5-8A99-751CCC4FE8BB} = {65F12355-89EA-4F63-8257-1DCCAE079AD8}
		{8CCC057C-FA77-4F49-BACD-5F6EBAB13C14} = {6A1A7CD3-7675-4A46-B598-A4FD457E3112}
		{8F18041B-9410-4C36-A9C5-067813DF5F31} = {737CFCB8-C2B9-4438-A1C0-3F733C9F70D4}
		{DC202E77-073A-4881-84C9-94B6BC7469B4} = {6A1A7CD3-7675-4A46-B598-A4FD457E3112}
	EndGlobalSection
EndGlobal
